// !$*UTF8*$!
{
	archiveVersion = 1;
	classes = {
	};
	objectVersion = 54;
	objects = {

/* Begin PBXBuildFile section */
		5126BD6126B4C104001D7942 /* Main.storyboard in Resources */ = {isa = PBXBuildFile; fileRef = 5126BD5F26B4C104001D7942 /* Main.storyboard */; };
		5126BD6326B4C105001D7942 /* Assets.xcassets in Resources */ = {isa = PBXBuildFile; fileRef = 5126BD6226B4C105001D7942 /* Assets.xcassets */; };
		5126BD6626B4C105001D7942 /* LaunchScreen.storyboard in Resources */ = {isa = PBXBuildFile; fileRef = 5126BD6426B4C105001D7942 /* LaunchScreen.storyboard */; };
		5126BD7526B4C1C6001D7942 /* AppDelegate.swift in Sources */ = {isa = PBXBuildFile; fileRef = 5126BD7326B4C1C5001D7942 /* AppDelegate.swift */; };
		5126BD7626B4C1C6001D7942 /* SceneDelegate.swift in Sources */ = {isa = PBXBuildFile; fileRef = 5126BD7426B4C1C6001D7942 /* SceneDelegate.swift */; };
		5126BD7926B4C21D001D7942 /* ScannerViewController.swift in Sources */ = {isa = PBXBuildFile; fileRef = 5126BD7826B4C21D001D7942 /* ScannerViewController.swift */; };
		5126BD7C26B4C563001D7942 /* EUGreenCertificate in Frameworks */ = {isa = PBXBuildFile; productRef = 5126BD7B26B4C563001D7942 /* EUGreenCertificate */; };
		5166774826B573B50032BECE /* InfoPlist.strings in Resources */ = {isa = PBXBuildFile; fileRef = 5166774A26B573B50032BECE /* InfoPlist.strings */; };
		5166774D26B57A170032BECE /* InfoViewController.swift in Sources */ = {isa = PBXBuildFile; fileRef = 5166774C26B57A170032BECE /* InfoViewController.swift */; };
		5185A24D26B5A0C800481753 /* CertificateSectionDataSource.swift in Sources */ = {isa = PBXBuildFile; fileRef = 5185A24C26B5A0C800481753 /* CertificateSectionDataSource.swift */; };
		5185A24F26B5A22400481753 /* EUGreenCertificateGeneralSection.swift in Sources */ = {isa = PBXBuildFile; fileRef = 5185A24E26B5A22400481753 /* EUGreenCertificateGeneralSection.swift */; };
		5185A25126B5A3E600481753 /* EUGreenCertificateNameSection.swift in Sources */ = {isa = PBXBuildFile; fileRef = 5185A25026B5A3E600481753 /* EUGreenCertificateNameSection.swift */; };
		5185A25326B5A50D00481753 /* EUGreenCertificateVaccinationSection.swift in Sources */ = {isa = PBXBuildFile; fileRef = 5185A25226B5A50D00481753 /* EUGreenCertificateVaccinationSection.swift */; };
		5185A25526B5A5A100481753 /* EUGreenCertificateTestSection.swift in Sources */ = {isa = PBXBuildFile; fileRef = 5185A25426B5A5A100481753 /* EUGreenCertificateTestSection.swift */; };
		5185A25726B5A60200481753 /* EUGreenCertificateRecoverySection.swift in Sources */ = {isa = PBXBuildFile; fileRef = 5185A25626B5A60200481753 /* EUGreenCertificateRecoverySection.swift */; };
		51C41A6026B5543C00577598 /* DetailViewController.swift in Sources */ = {isa = PBXBuildFile; fileRef = 51C41A5F26B5543C00577598 /* DetailViewController.swift */; };
		51C41A6326B5552D00577598 /* GreenCertificateDataSource.swift in Sources */ = {isa = PBXBuildFile; fileRef = 51C41A6226B5552D00577598 /* GreenCertificateDataSource.swift */; };
		51C41A6926B56C9500577598 /* Localizable.strings in Resources */ = {isa = PBXBuildFile; fileRef = 51C41A6B26B56C9500577598 /* Localizable.strings */; };
/* End PBXBuildFile section */

/* Begin PBXFileReference section */
		5126BD5626B4C104001D7942 /* CepilniQRc.app */ = {isa = PBXFileReference; explicitFileType = wrapper.application; includeInIndex = 0; path = CepilniQRc.app; sourceTree = BUILT_PRODUCTS_DIR; };
		5126BD6026B4C104001D7942 /* Base */ = {isa = PBXFileReference; lastKnownFileType = file.storyboard; name = Base; path = Base.lproj/Main.storyboard; sourceTree = "<group>"; };
		5126BD6226B4C105001D7942 /* Assets.xcassets */ = {isa = PBXFileReference; lastKnownFileType = folder.assetcatalog; path = Assets.xcassets; sourceTree = "<group>"; };
		5126BD6526B4C105001D7942 /* Base */ = {isa = PBXFileReference; lastKnownFileType = file.storyboard; name = Base; path = Base.lproj/LaunchScreen.storyboard; sourceTree = "<group>"; };
		5126BD6726B4C105001D7942 /* _Info.plist */ = {isa = PBXFileReference; lastKnownFileType = text.plist.xml; path = _Info.plist; sourceTree = "<group>"; };
		5126BD7326B4C1C5001D7942 /* AppDelegate.swift */ = {isa = PBXFileReference; fileEncoding = 4; lastKnownFileType = sourcecode.swift; path = AppDelegate.swift; sourceTree = "<group>"; };
		5126BD7426B4C1C6001D7942 /* SceneDelegate.swift */ = {isa = PBXFileReference; fileEncoding = 4; lastKnownFileType = sourcecode.swift; path = SceneDelegate.swift; sourceTree = "<group>"; };
		5126BD7826B4C21D001D7942 /* ScannerViewController.swift */ = {isa = PBXFileReference; lastKnownFileType = sourcecode.swift; path = ScannerViewController.swift; sourceTree = "<group>"; };
		5166774926B573B50032BECE /* en */ = {isa = PBXFileReference; lastKnownFileType = text.plist.strings; name = en; path = en.lproj/InfoPlist.strings; sourceTree = "<group>"; };
		5166774B26B573B80032BECE /* sl */ = {isa = PBXFileReference; lastKnownFileType = text.plist.strings; name = sl; path = sl.lproj/InfoPlist.strings; sourceTree = "<group>"; };
		5166774C26B57A170032BECE /* InfoViewController.swift */ = {isa = PBXFileReference; lastKnownFileType = sourcecode.swift; path = InfoViewController.swift; sourceTree = "<group>"; };
		5166774F26B57BE50032BECE /* en */ = {isa = PBXFileReference; lastKnownFileType = text.plist.strings; name = en; path = en.lproj/Main.strings; sourceTree = "<group>"; };
		5185A24C26B5A0C800481753 /* CertificateSectionDataSource.swift */ = {isa = PBXFileReference; lastKnownFileType = sourcecode.swift; path = CertificateSectionDataSource.swift; sourceTree = "<group>"; };
		5185A24E26B5A22400481753 /* EUGreenCertificateGeneralSection.swift */ = {isa = PBXFileReference; lastKnownFileType = sourcecode.swift; path = EUGreenCertificateGeneralSection.swift; sourceTree = "<group>"; };
		5185A25026B5A3E600481753 /* EUGreenCertificateNameSection.swift */ = {isa = PBXFileReference; lastKnownFileType = sourcecode.swift; path = EUGreenCertificateNameSection.swift; sourceTree = "<group>"; };
		5185A25226B5A50D00481753 /* EUGreenCertificateVaccinationSection.swift */ = {isa = PBXFileReference; lastKnownFileType = sourcecode.swift; path = EUGreenCertificateVaccinationSection.swift; sourceTree = "<group>"; };
		5185A25426B5A5A100481753 /* EUGreenCertificateTestSection.swift */ = {isa = PBXFileReference; lastKnownFileType = sourcecode.swift; path = EUGreenCertificateTestSection.swift; sourceTree = "<group>"; };
		5185A25626B5A60200481753 /* EUGreenCertificateRecoverySection.swift */ = {isa = PBXFileReference; lastKnownFileType = sourcecode.swift; path = EUGreenCertificateRecoverySection.swift; sourceTree = "<group>"; };
		51C41A5F26B5543C00577598 /* DetailViewController.swift */ = {isa = PBXFileReference; lastKnownFileType = sourcecode.swift; path = DetailViewController.swift; sourceTree = "<group>"; };
		51C41A6226B5552D00577598 /* GreenCertificateDataSource.swift */ = {isa = PBXFileReference; lastKnownFileType = sourcecode.swift; path = GreenCertificateDataSource.swift; sourceTree = "<group>"; };
		51C41A6526B56B9F00577598 /* sl */ = {isa = PBXFileReference; lastKnownFileType = text.plist.strings; name = sl; path = sl.lproj/LaunchScreen.strings; sourceTree = "<group>"; };
		51C41A6626B56B9F00577598 /* sl */ = {isa = PBXFileReference; lastKnownFileType = text.plist.strings; name = sl; path = sl.lproj/Main.strings; sourceTree = "<group>"; };
		51C41A6A26B56C9500577598 /* en */ = {isa = PBXFileReference; lastKnownFileType = text.plist.strings; name = en; path = en.lproj/Localizable.strings; sourceTree = "<group>"; };
		51C41A6C26B56CA000577598 /* sl */ = {isa = PBXFileReference; lastKnownFileType = text.plist.strings; name = sl; path = sl.lproj/Localizable.strings; sourceTree = "<group>"; };
/* End PBXFileReference section */

/* Begin PBXFrameworksBuildPhase section */
		5126BD5326B4C104001D7942 /* Frameworks */ = {
			isa = PBXFrameworksBuildPhase;
			buildActionMask = 2147483647;
			files = (
				5126BD7C26B4C563001D7942 /* EUGreenCertificate in Frameworks */,
			);
			runOnlyForDeploymentPostprocessing = 0;
		};
/* End PBXFrameworksBuildPhase section */

/* Begin PBXGroup section */
		5126BD4D26B4C104001D7942 = {
			isa = PBXGroup;
			children = (
				5126BD5826B4C104001D7942 /* CepilniQRc */,
				5126BD5726B4C104001D7942 /* Products */,
			);
			indentWidth = 4;
			sourceTree = "<group>";
			tabWidth = 4;
			usesTabs = 1;
			wrapsLines = 1;
		};
		5126BD5726B4C104001D7942 /* Products */ = {
			isa = PBXGroup;
			children = (
				5126BD5626B4C104001D7942 /* CepilniQRc.app */,
			);
			name = Products;
			sourceTree = "<group>";
		};
		5126BD5826B4C104001D7942 /* CepilniQRc */ = {
			isa = PBXGroup;
			children = (
				5126BD6726B4C105001D7942 /* _Info.plist */,
				51C41A6126B554C400577598 /* DataSources */,
				5126BD7126B4C196001D7942 /* LifeCycle */,
				5126BD7226B4C19D001D7942 /* Resources */,
				5126BD7726B4C208001D7942 /* ViewControllers */,
			);
			path = CepilniQRc;
			sourceTree = "<group>";
		};
		5126BD7126B4C196001D7942 /* LifeCycle */ = {
			isa = PBXGroup;
			children = (
				5126BD7326B4C1C5001D7942 /* AppDelegate.swift */,
				5126BD7426B4C1C6001D7942 /* SceneDelegate.swift */,
			);
			path = LifeCycle;
			sourceTree = "<group>";
		};
		5126BD7226B4C19D001D7942 /* Resources */ = {
			isa = PBXGroup;
			children = (
				5126BD6226B4C105001D7942 /* Assets.xcassets */,
				5126BD6426B4C105001D7942 /* LaunchScreen.storyboard */,
				5126BD5F26B4C104001D7942 /* Main.storyboard */,
				51C41A6B26B56C9500577598 /* Localizable.strings */,
				5166774A26B573B50032BECE /* InfoPlist.strings */,
			);
			path = Resources;
			sourceTree = "<group>";
		};
		5126BD7726B4C208001D7942 /* ViewControllers */ = {
			isa = PBXGroup;
			children = (
				51C41A5F26B5543C00577598 /* DetailViewController.swift */,
				5126BD7826B4C21D001D7942 /* ScannerViewController.swift */,
				5166774C26B57A170032BECE /* InfoViewController.swift */,
			);
			path = ViewControllers;
			sourceTree = "<group>";
		};
		5185A25826B5A68800481753 /* Sections */ = {
			isa = PBXGroup;
			children = (
				5185A24E26B5A22400481753 /* EUGreenCertificateGeneralSection.swift */,
				5185A25026B5A3E600481753 /* EUGreenCertificateNameSection.swift */,
				5185A25626B5A60200481753 /* EUGreenCertificateRecoverySection.swift */,
				5185A25426B5A5A100481753 /* EUGreenCertificateTestSection.swift */,
				5185A25226B5A50D00481753 /* EUGreenCertificateVaccinationSection.swift */,
			);
			path = Sections;
			sourceTree = "<group>";
		};
		51C41A6126B554C400577598 /* DataSources */ = {
			isa = PBXGroup;
			children = (
				5185A25826B5A68800481753 /* Sections */,
				5185A24C26B5A0C800481753 /* CertificateSectionDataSource.swift */,
				51C41A6226B5552D00577598 /* GreenCertificateDataSource.swift */,
			);
			path = DataSources;
			sourceTree = "<group>";
		};
/* End PBXGroup section */

/* Begin PBXNativeTarget section */
		5126BD5526B4C104001D7942 /* CepilniQRc */ = {
			isa = PBXNativeTarget;
			buildConfigurationList = 5126BD6A26B4C105001D7942 /* Build configuration list for PBXNativeTarget "CepilniQRc" */;
			buildPhases = (
				5126BD5226B4C104001D7942 /* Sources */,
				5126BD5326B4C104001D7942 /* Frameworks */,
				5126BD5426B4C104001D7942 /* Resources */,
			);
			buildRules = (
			);
			dependencies = (
			);
			name = CepilniQRc;
			packageProductDependencies = (
				5126BD7B26B4C563001D7942 /* EUGreenCertificate */,
			);
			productName = CepilniQRc;
			productReference = 5126BD5626B4C104001D7942 /* CepilniQRc.app */;
			productType = "com.apple.product-type.application";
		};
/* End PBXNativeTarget section */

/* Begin PBXProject section */
		5126BD4E26B4C104001D7942 /* Project object */ = {
			isa = PBXProject;
			attributes = {
				LastSwiftUpdateCheck = 1250;
				LastUpgradeCheck = 1250;
				ORGANIZATIONNAME = "Goran Blažič s.p.";
				TargetAttributes = {
					5126BD5526B4C104001D7942 = {
						CreatedOnToolsVersion = 12.5.1;
					};
				};
			};
			buildConfigurationList = 5126BD5126B4C104001D7942 /* Build configuration list for PBXProject "CepilniQRc" */;
			compatibilityVersion = "Xcode 12.0";
			developmentRegion = en;
			hasScannedForEncodings = 0;
			knownRegions = (
				en,
				Base,
				sl,
			);
			mainGroup = 5126BD4D26B4C104001D7942;
			packageReferences = (
				5126BD7A26B4C563001D7942 /* XCRemoteSwiftPackageReference "EUGreenCertificate" */,
			);
			productRefGroup = 5126BD5726B4C104001D7942 /* Products */;
			projectDirPath = "";
			projectRoot = "";
			targets = (
				5126BD5526B4C104001D7942 /* CepilniQRc */,
			);
		};
/* End PBXProject section */

/* Begin PBXResourcesBuildPhase section */
		5126BD5426B4C104001D7942 /* Resources */ = {
			isa = PBXResourcesBuildPhase;
			buildActionMask = 2147483647;
			files = (
				5126BD6626B4C105001D7942 /* LaunchScreen.storyboard in Resources */,
				51C41A6926B56C9500577598 /* Localizable.strings in Resources */,
				5126BD6326B4C105001D7942 /* Assets.xcassets in Resources */,
				5126BD6126B4C104001D7942 /* Main.storyboard in Resources */,
				5166774826B573B50032BECE /* InfoPlist.strings in Resources */,
			);
			runOnlyForDeploymentPostprocessing = 0;
		};
/* End PBXResourcesBuildPhase section */

/* Begin PBXSourcesBuildPhase section */
		5126BD5226B4C104001D7942 /* Sources */ = {
			isa = PBXSourcesBuildPhase;
			buildActionMask = 2147483647;
			files = (
				5185A25526B5A5A100481753 /* EUGreenCertificateTestSection.swift in Sources */,
				5185A24F26B5A22400481753 /* EUGreenCertificateGeneralSection.swift in Sources */,
				5126BD7526B4C1C6001D7942 /* AppDelegate.swift in Sources */,
				5185A25126B5A3E600481753 /* EUGreenCertificateNameSection.swift in Sources */,
				5185A25726B5A60200481753 /* EUGreenCertificateRecoverySection.swift in Sources */,
				51C41A6326B5552D00577598 /* GreenCertificateDataSource.swift in Sources */,
				5126BD7926B4C21D001D7942 /* ScannerViewController.swift in Sources */,
				5185A25326B5A50D00481753 /* EUGreenCertificateVaccinationSection.swift in Sources */,
				5126BD7626B4C1C6001D7942 /* SceneDelegate.swift in Sources */,
				5185A24D26B5A0C800481753 /* CertificateSectionDataSource.swift in Sources */,
				5166774D26B57A170032BECE /* InfoViewController.swift in Sources */,
				51C41A6026B5543C00577598 /* DetailViewController.swift in Sources */,
			);
			runOnlyForDeploymentPostprocessing = 0;
		};
/* End PBXSourcesBuildPhase section */

/* Begin PBXVariantGroup section */
		5126BD5F26B4C104001D7942 /* Main.storyboard */ = {
			isa = PBXVariantGroup;
			children = (
				5126BD6026B4C104001D7942 /* Base */,
				51C41A6626B56B9F00577598 /* sl */,
				5166774F26B57BE50032BECE /* en */,
			);
			name = Main.storyboard;
			sourceTree = "<group>";
		};
		5126BD6426B4C105001D7942 /* LaunchScreen.storyboard */ = {
			isa = PBXVariantGroup;
			children = (
				5126BD6526B4C105001D7942 /* Base */,
				51C41A6526B56B9F00577598 /* sl */,
			);
			name = LaunchScreen.storyboard;
			sourceTree = "<group>";
		};
		5166774A26B573B50032BECE /* InfoPlist.strings */ = {
			isa = PBXVariantGroup;
			children = (
				5166774926B573B50032BECE /* en */,
				5166774B26B573B80032BECE /* sl */,
			);
			name = InfoPlist.strings;
			sourceTree = "<group>";
		};
		51C41A6B26B56C9500577598 /* Localizable.strings */ = {
			isa = PBXVariantGroup;
			children = (
				51C41A6A26B56C9500577598 /* en */,
				51C41A6C26B56CA000577598 /* sl */,
			);
			name = Localizable.strings;
			sourceTree = "<group>";
		};
/* End PBXVariantGroup section */

/* Begin XCBuildConfiguration section */
		5126BD6826B4C105001D7942 /* Debug */ = {
			isa = XCBuildConfiguration;
			buildSettings = {
				ALWAYS_SEARCH_USER_PATHS = NO;
				CLANG_ANALYZER_LOCALIZABILITY_NONLOCALIZED = YES;
				CLANG_ANALYZER_NONNULL = YES;
				CLANG_ANALYZER_NUMBER_OBJECT_CONVERSION = YES_AGGRESSIVE;
				CLANG_CXX_LANGUAGE_STANDARD = "gnu++14";
				CLANG_CXX_LIBRARY = "libc++";
				CLANG_ENABLE_MODULES = YES;
				CLANG_ENABLE_OBJC_ARC = YES;
				CLANG_ENABLE_OBJC_WEAK = YES;
				CLANG_WARN_BLOCK_CAPTURE_AUTORELEASING = YES;
				CLANG_WARN_BOOL_CONVERSION = YES;
				CLANG_WARN_COMMA = YES;
				CLANG_WARN_CONSTANT_CONVERSION = YES;
				CLANG_WARN_DEPRECATED_OBJC_IMPLEMENTATIONS = YES;
				CLANG_WARN_DIRECT_OBJC_ISA_USAGE = YES_ERROR;
				CLANG_WARN_DOCUMENTATION_COMMENTS = YES;
				CLANG_WARN_EMPTY_BODY = YES;
				CLANG_WARN_ENUM_CONVERSION = YES;
				CLANG_WARN_INFINITE_RECURSION = YES;
				CLANG_WARN_INT_CONVERSION = YES;
				CLANG_WARN_NON_LITERAL_NULL_CONVERSION = YES;
				CLANG_WARN_OBJC_IMPLICIT_RETAIN_SELF = YES;
				CLANG_WARN_OBJC_LITERAL_CONVERSION = YES;
				CLANG_WARN_OBJC_ROOT_CLASS = YES_ERROR;
				CLANG_WARN_QUOTED_INCLUDE_IN_FRAMEWORK_HEADER = YES;
				CLANG_WARN_RANGE_LOOP_ANALYSIS = YES;
				CLANG_WARN_STRICT_PROTOTYPES = YES;
				CLANG_WARN_SUSPICIOUS_MOVE = YES;
				CLANG_WARN_UNGUARDED_AVAILABILITY = YES_AGGRESSIVE;
				CLANG_WARN_UNREACHABLE_CODE = YES;
				CLANG_WARN__DUPLICATE_METHOD_MATCH = YES;
				COPY_PHASE_STRIP = NO;
				DEBUG_INFORMATION_FORMAT = dwarf;
				ENABLE_STRICT_OBJC_MSGSEND = YES;
				ENABLE_TESTABILITY = YES;
				GCC_C_LANGUAGE_STANDARD = gnu11;
				GCC_DYNAMIC_NO_PIC = NO;
				GCC_NO_COMMON_BLOCKS = YES;
				GCC_OPTIMIZATION_LEVEL = 0;
				GCC_PREPROCESSOR_DEFINITIONS = (
					"DEBUG=1",
					"$(inherited)",
				);
				GCC_WARN_64_TO_32_BIT_CONVERSION = YES;
				GCC_WARN_ABOUT_RETURN_TYPE = YES_ERROR;
				GCC_WARN_UNDECLARED_SELECTOR = YES;
				GCC_WARN_UNINITIALIZED_AUTOS = YES_AGGRESSIVE;
				GCC_WARN_UNUSED_FUNCTION = YES;
				GCC_WARN_UNUSED_VARIABLE = YES;
				IPHONEOS_DEPLOYMENT_TARGET = 13.0;
				MTL_ENABLE_DEBUG_INFO = INCLUDE_SOURCE;
				MTL_FAST_MATH = YES;
				ONLY_ACTIVE_ARCH = YES;
				SDKROOT = iphoneos;
				SWIFT_ACTIVE_COMPILATION_CONDITIONS = DEBUG;
				SWIFT_OPTIMIZATION_LEVEL = "-Onone";
			};
			name = Debug;
		};
		5126BD6926B4C105001D7942 /* Release */ = {
			isa = XCBuildConfiguration;
			buildSettings = {
				ALWAYS_SEARCH_USER_PATHS = NO;
				CLANG_ANALYZER_LOCALIZABILITY_NONLOCALIZED = YES;
				CLANG_ANALYZER_NONNULL = YES;
				CLANG_ANALYZER_NUMBER_OBJECT_CONVERSION = YES_AGGRESSIVE;
				CLANG_CXX_LANGUAGE_STANDARD = "gnu++14";
				CLANG_CXX_LIBRARY = "libc++";
				CLANG_ENABLE_MODULES = YES;
				CLANG_ENABLE_OBJC_ARC = YES;
				CLANG_ENABLE_OBJC_WEAK = YES;
				CLANG_WARN_BLOCK_CAPTURE_AUTORELEASING = YES;
				CLANG_WARN_BOOL_CONVERSION = YES;
				CLANG_WARN_COMMA = YES;
				CLANG_WARN_CONSTANT_CONVERSION = YES;
				CLANG_WARN_DEPRECATED_OBJC_IMPLEMENTATIONS = YES;
				CLANG_WARN_DIRECT_OBJC_ISA_USAGE = YES_ERROR;
				CLANG_WARN_DOCUMENTATION_COMMENTS = YES;
				CLANG_WARN_EMPTY_BODY = YES;
				CLANG_WARN_ENUM_CONVERSION = YES;
				CLANG_WARN_INFINITE_RECURSION = YES;
				CLANG_WARN_INT_CONVERSION = YES;
				CLANG_WARN_NON_LITERAL_NULL_CONVERSION = YES;
				CLANG_WARN_OBJC_IMPLICIT_RETAIN_SELF = YES;
				CLANG_WARN_OBJC_LITERAL_CONVERSION = YES;
				CLANG_WARN_OBJC_ROOT_CLASS = YES_ERROR;
				CLANG_WARN_QUOTED_INCLUDE_IN_FRAMEWORK_HEADER = YES;
				CLANG_WARN_RANGE_LOOP_ANALYSIS = YES;
				CLANG_WARN_STRICT_PROTOTYPES = YES;
				CLANG_WARN_SUSPICIOUS_MOVE = YES;
				CLANG_WARN_UNGUARDED_AVAILABILITY = YES_AGGRESSIVE;
				CLANG_WARN_UNREACHABLE_CODE = YES;
				CLANG_WARN__DUPLICATE_METHOD_MATCH = YES;
				COPY_PHASE_STRIP = NO;
				DEBUG_INFORMATION_FORMAT = "dwarf-with-dsym";
				ENABLE_NS_ASSERTIONS = NO;
				ENABLE_STRICT_OBJC_MSGSEND = YES;
				GCC_C_LANGUAGE_STANDARD = gnu11;
				GCC_NO_COMMON_BLOCKS = YES;
				GCC_WARN_64_TO_32_BIT_CONVERSION = YES;
				GCC_WARN_ABOUT_RETURN_TYPE = YES_ERROR;
				GCC_WARN_UNDECLARED_SELECTOR = YES;
				GCC_WARN_UNINITIALIZED_AUTOS = YES_AGGRESSIVE;
				GCC_WARN_UNUSED_FUNCTION = YES;
				GCC_WARN_UNUSED_VARIABLE = YES;
				IPHONEOS_DEPLOYMENT_TARGET = 13.0;
				MTL_ENABLE_DEBUG_INFO = NO;
				MTL_FAST_MATH = YES;
				SDKROOT = iphoneos;
				SWIFT_COMPILATION_MODE = wholemodule;
				SWIFT_OPTIMIZATION_LEVEL = "-O";
				VALIDATE_PRODUCT = YES;
			};
			name = Release;
		};
		5126BD6B26B4C105001D7942 /* Debug */ = {
			isa = XCBuildConfiguration;
			buildSettings = {
				ASSETCATALOG_COMPILER_APPICON_NAME = AppIcon;
				ASSETCATALOG_COMPILER_GLOBAL_ACCENT_COLOR_NAME = AccentColor;
				CODE_SIGN_STYLE = Automatic;
				DEVELOPMENT_TEAM = GLHH7R3J9N;
				INFOPLIST_FILE = CepilniQRc/_Info.plist;
				LD_RUNPATH_SEARCH_PATHS = (
					"$(inherited)",
					"@executable_path/Frameworks",
				);
				PRODUCT_BUNDLE_IDENTIFIER = dev.goranche.greenQR;
				PRODUCT_NAME = "$(TARGET_NAME)";
				SWIFT_VERSION = 5.0;
				TARGETED_DEVICE_FAMILY = 1;
			};
			name = Debug;
		};
		5126BD6C26B4C105001D7942 /* Release */ = {
			isa = XCBuildConfiguration;
			buildSettings = {
				ASSETCATALOG_COMPILER_APPICON_NAME = AppIcon;
				ASSETCATALOG_COMPILER_GLOBAL_ACCENT_COLOR_NAME = AccentColor;
				CODE_SIGN_STYLE = Automatic;
				DEVELOPMENT_TEAM = GLHH7R3J9N;
				INFOPLIST_FILE = CepilniQRc/_Info.plist;
				LD_RUNPATH_SEARCH_PATHS = (
					"$(inherited)",
					"@executable_path/Frameworks",
				);
				PRODUCT_BUNDLE_IDENTIFIER = dev.goranche.greenQR;
				PRODUCT_NAME = "$(TARGET_NAME)";
				SWIFT_VERSION = 5.0;
				TARGETED_DEVICE_FAMILY = 1;
			};
			name = Release;
		};
/* End XCBuildConfiguration section */

/* Begin XCConfigurationList section */
		5126BD5126B4C104001D7942 /* Build configuration list for PBXProject "CepilniQRc" */ = {
			isa = XCConfigurationList;
			buildConfigurations = (
				5126BD6826B4C105001D7942 /* Debug */,
				5126BD6926B4C105001D7942 /* Release */,
			);
			defaultConfigurationIsVisible = 0;
			defaultConfigurationName = Release;
		};
		5126BD6A26B4C105001D7942 /* Build configuration list for PBXNativeTarget "CepilniQRc" */ = {
			isa = XCConfigurationList;
			buildConfigurations = (
				5126BD6B26B4C105001D7942 /* Debug */,
				5126BD6C26B4C105001D7942 /* Release */,
			);
			defaultConfigurationIsVisible = 0;
			defaultConfigurationName = Release;
		};
/* End XCConfigurationList section */

/* Begin XCRemoteSwiftPackageReference section */
		5126BD7A26B4C563001D7942 /* XCRemoteSwiftPackageReference "EUGreenCertificate" */ = {
			isa = XCRemoteSwiftPackageReference;
			repositoryURL = "https://github.com/goranche/EUGreenCertificate";
			requirement = {
				branch = main;
				kind = branch;
			};
		};
/* End XCRemoteSwiftPackageReference section */

/* Begin XCSwiftPackageProductDependency section */
		5126BD7B26B4C563001D7942 /* EUGreenCertificate */ = {
			isa = XCSwiftPackageProductDependency;
			package = 5126BD7A26B4C563001D7942 /* XCRemoteSwiftPackageReference "EUGreenCertificate" */;
			productName = EUGreenCertificate;
		};
/* End XCSwiftPackageProductDependency section */
	};
	rootObject = 5126BD4E26B4C104001D7942 /* Project object */;
}
